
Microsoft Visual Studio Solution File, Format Version 12.00
# Visual Studio Version 17
VisualStudioVersion = 17.10.35122.118
MinimumVisualStudioVersion = 10.0.40219.1
Project("{FAE04EC0-301F-11D3-BF4B-00C04F79EFBC}") = "Day2", "Day2\Day2.csproj", "{80253890-EF04-4BD6-9E3C-D913DE110407}"
EndProject
Global
	GlobalSection(SolutionConfigurationPlatforms) = preSolution
		Debug|Any CPU = Debug|Any CPU
		Release|Any CPU = Release|Any CPU
	EndGlobalSection
	GlobalSection(ProjectConfigurationPlatforms) = postSolution
		{80253890-EF04-4BD6-9E3C-D913DE110407}.Debug|Any CPU.ActiveCfg = Debug|Any CPU
		{80253890-EF04-4BD6-9E3C-D913DE110407}.Debug|Any CPU.Build.0 = Debug|Any CPU
		{80253890-EF04-4BD6-9E3C-D913DE110407}.Release|Any CPU.ActiveCfg = Release|Any CPU
		{80253890-EF04-4BD6-9E3C-D913DE110407}.Release|Any CPU.Build.0 = Release|Any CPU
	EndGlobalSection
	GlobalSection(SolutionProperties) = preSolution
		HideSolutionNode = FALSE
	EndGlobalSection
	GlobalSection(ExtensibilityGlobals) = postSolution
		SolutionGuid = {AFD6EA3C-EDD8-472B-8D95-B141A4976A8F}
	EndGlobalSection
EndGlobal
